
Microsoft Visual Studio Solution File, Format Version 12.00
# Visual Studio Version 17
VisualStudioVersion = 17.2.32630.192
MinimumVisualStudioVersion = 10.0.40219.1
Project("{FAE04EC0-301F-11D3-BF4B-00C04F79EFBC}") = "SoftUni", "SoftUni\SoftUni.csproj", "{5DCD90FF-2B52-4735-BF0E-306D7F78E4A0}"
EndProject
Project("{FAE04EC0-301F-11D3-BF4B-00C04F79EFBC}") = "3. Employees Info", "3. Employees Info\3. Employees Info.csproj", "{33D29E08-F004-406A-A59B-A82E2E6028B7}"
EndProject
Global
	GlobalSection(SolutionConfigurationPlatforms) = preSolution
		Debug|Any CPU = Debug|Any CPU
		Release|Any CPU = Release|Any CPU
	EndGlobalSection
	GlobalSection(ProjectConfigurationPlatforms) = postSolution
		{5DCD90FF-2B52-4735-BF0E-306D7F78E4A0}.Debug|Any CPU.ActiveCfg = Debug|Any CPU
		{5DCD90FF-2B52-4735-BF0E-306D7F78E4A0}.Debug|Any CPU.Build.0 = Debug|Any CPU
		{5DCD90FF-2B52-4735-BF0E-306D7F78E4A0}.Release|Any CPU.ActiveCfg = Release|Any CPU
		{5DCD90FF-2B52-4735-BF0E-306D7F78E4A0}.Release|Any CPU.Build.0 = Release|Any CPU
		{33D29E08-F004-406A-A59B-A82E2E6028B7}.Debug|Any CPU.ActiveCfg = Debug|Any CPU
		{33D29E08-F004-406A-A59B-A82E2E6028B7}.Debug|Any CPU.Build.0 = Debug|Any CPU
		{33D29E08-F004-406A-A59B-A82E2E6028B7}.Release|Any CPU.ActiveCfg = Release|Any CPU
		{33D29E08-F004-406A-A59B-A82E2E6028B7}.Release|Any CPU.Build.0 = Release|Any CPU
	EndGlobalSection
	GlobalSection(SolutionProperties) = preSolution
		HideSolutionNode = FALSE
	EndGlobalSection
	GlobalSection(ExtensibilityGlobals) = postSolution
		SolutionGuid = {37A82912-0FC1-415B-8547-B923EAA3786E}
	EndGlobalSection
EndGlobal
